
Microsoft Visual Studio Solution File, Format Version 12.00
# Visual Studio Version 16
VisualStudioVersion = 16.0.28922.388
MinimumVisualStudioVersion = 10.0.40219.1
Project("{FAE04EC0-301F-11D3-BF4B-00C04F79EFBC}") = "restClient", "restClient.csproj", "{ADB7E0F6-CA54-40C9-AB5E-24E002AD199C}"
EndProject
Global
	GlobalSection(SolutionConfigurationPlatforms) = preSolution
		Debug|Any CPU = Debug|Any CPU
		Release|Any CPU = Release|Any CPU
	EndGlobalSection
	GlobalSection(ProjectConfigurationPlatforms) = postSolution
		{ADB7E0F6-CA54-40C9-AB5E-24E002AD199C}.Debug|Any CPU.ActiveCfg = Debug|Any CPU
		{ADB7E0F6-CA54-40C9-AB5E-24E002AD199C}.Debug|Any CPU.Build.0 = Debug|Any CPU
		{ADB7E0F6-CA54-40C9-AB5E-24E002AD199C}.Release|Any CPU.ActiveCfg = Release|Any CPU
		{ADB7E0F6-CA54-40C9-AB5E-24E002AD199C}.Release|Any CPU.Build.0 = Release|Any CPU
	EndGlobalSection
	GlobalSection(SolutionProperties) = preSolution
		HideSolutionNode = FALSE
	EndGlobalSection
	GlobalSection(ExtensibilityGlobals) = postSolution
		SolutionGuid = {523F8745-F424-4D0F-93C0-8840B011932B}
	EndGlobalSection
EndGlobal
